// !$*UTF8*$!
{
	archiveVersion = 1;
	classes = {
	};
	objectVersion = 77;
	objects = {

/* Begin PBXContainerItemProxy section */
		27BF80DF2D958BBE00CCBB39 /* PBXContainerItemProxy */ = {
			isa = PBXContainerItemProxy;
			containerPortal = 27BF80C02D958BB800CCBB39 /* Project object */;
			proxyType = 1;
			remoteGlobalIDString = 27BF80C72D958BB800CCBB39;
			remoteInfo = "Text File Console";
		};
		27BF80E92D958BBE00CCBB39 /* PBXContainerItemProxy */ = {
			isa = PBXContainerItemProxy;
			containerPortal = 27BF80C02D958BB800CCBB39 /* Project object */;
			proxyType = 1;
			remoteGlobalIDString = 27BF80C72D958BB800CCBB39;
			remoteInfo = "Text File Console";
		};
/* End PBXContainerItemProxy section */

/* Begin PBXFileReference section */
		27BF80C82D958BB800CCBB39 /* Text File Console.app */ = {isa = PBXFileReference; explicitFileType = wrapper.application; includeInIndex = 0; path = "Text File Console.app"; sourceTree = BUILT_PRODUCTS_DIR; };
		27BF80DE2D958BBE00CCBB39 /* Text File ConsoleTests.xctest */ = {isa = PBXFileReference; explicitFileType = wrapper.cfbundle; includeInIndex = 0; path = "Text File ConsoleTests.xctest"; sourceTree = BUILT_PRODUCTS_DIR; };
		27BF80E82D958BBE00CCBB39 /* Text File ConsoleUITests.xctest */ = {isa = PBXFileReference; explicitFileType = wrapper.cfbundle; includeInIndex = 0; path = "Text File ConsoleUITests.xctest"; sourceTree = BUILT_PRODUCTS_DIR; };
/* End PBXFileReference section */

/* Begin PBXFileSystemSynchronizedBuildFileExceptionSet section */
		27BF80F02D958BBE00CCBB39 /* Exceptions for "Text File Console" folder in "Text File Console" target */ = {
			isa = PBXFileSystemSynchronizedBuildFileExceptionSet;
			membershipExceptions = (
				Info.plist,
			);
			target = 27BF80C72D958BB800CCBB39 /* Text File Console */;
		};
/* End PBXFileSystemSynchronizedBuildFileExceptionSet section */

/* Begin PBXFileSystemSynchronizedRootGroup section */
		27BF80CA2D958BB800CCBB39 /* Text File Console */ = {
			isa = PBXFileSystemSynchronizedRootGroup;
			exceptions = (
				27BF80F02D958BBE00CCBB39 /* Exceptions for "Text File Console" folder in "Text File Console" target */,
			);
			path = "Text File Console";
			sourceTree = "<group>";
		};
		27BF80E12D958BBE00CCBB39 /* Text File ConsoleTests */ = {
			isa = PBXFileSystemSynchronizedRootGroup;
			path = "Text File ConsoleTests";
			sourceTree = "<group>";
		};
		27BF80EB2D958BBE00CCBB39 /* Text File ConsoleUITests */ = {
			isa = PBXFileSystemSynchronizedRootGroup;
			path = "Text File ConsoleUITests";
			sourceTree = "<group>";
		};
/* End PBXFileSystemSynchronizedRootGroup section */

/* Begin PBXFrameworksBuildPhase section */
		27BF80C52D958BB800CCBB39 /* Frameworks */ = {
			isa = PBXFrameworksBuildPhase;
			buildActionMask = 2147483647;
			files = (
			);
			runOnlyForDeploymentPostprocessing = 0;
		};
		27BF80DB2D958BBE00CCBB39 /* Frameworks */ = {
			isa = PBXFrameworksBuildPhase;
			buildActionMask = 2147483647;
			files = (
			);
			runOnlyForDeploymentPostprocessing = 0;
		};
		27BF80E52D958BBE00CCBB39 /* Frameworks */ = {
			isa = PBXFrameworksBuildPhase;
			buildActionMask = 2147483647;
			files = (
			);
			runOnlyForDeploymentPostprocessing = 0;
		};
/* End PBXFrameworksBuildPhase section */

/* Begin PBXGroup section */
		27BF80BF2D958BB800CCBB39 = {
			isa = PBXGroup;
			children = (
				27BF80CA2D958BB800CCBB39 /* Text File Console */,
				27BF80E12D958BBE00CCBB39 /* Text File ConsoleTests */,
				27BF80EB2D958BBE00CCBB39 /* Text File ConsoleUITests */,
				27BF80C92D958BB800CCBB39 /* Products */,
			);
			sourceTree = "<group>";
		};
		27BF80C92D958BB800CCBB39 /* Products */ = {
			isa = PBXGroup;
			children = (
				27BF80C82D958BB800CCBB39 /* Text File Console.app */,
				27BF80DE2D958BBE00CCBB39 /* Text File ConsoleTests.xctest */,
				27BF80E82D958BBE00CCBB39 /* Text File ConsoleUITests.xctest */,
			);
			name = Products;
			sourceTree = "<group>";
		};
/* End PBXGroup section */

/* Begin PBXNativeTarget section */
		27BF80C72D958BB800CCBB39 /* Text File Console */ = {
			isa = PBXNativeTarget;
			buildConfigurationList = 27BF80F12D958BBE00CCBB39 /* Build configuration list for PBXNativeTarget "Text File Console" */;
			buildPhases = (
				27BF80C42D958BB800CCBB39 /* Sources */,
				27BF80C52D958BB800CCBB39 /* Frameworks */,
				27BF80C62D958BB800CCBB39 /* Resources */,
			);
			buildRules = (
			);
			dependencies = (
			);
			fileSystemSynchronizedGroups = (
				27BF80CA2D958BB800CCBB39 /* Text File Console */,
			);
			name = "Text File Console";
			packageProductDependencies = (
			);
			productName = "Text File Console";
			productReference = 27BF80C82D958BB800CCBB39 /* Text File Console.app */;
			productType = "com.apple.product-type.application";
		};
		27BF80DD2D958BBE00CCBB39 /* Text File ConsoleTests */ = {
			isa = PBXNativeTarget;
			buildConfigurationList = 27BF80F62D958BBE00CCBB39 /* Build configuration list for PBXNativeTarget "Text File ConsoleTests" */;
			buildPhases = (
				27BF80DA2D958BBE00CCBB39 /* Sources */,
				27BF80DB2D958BBE00CCBB39 /* Frameworks */,
				27BF80DC2D958BBE00CCBB39 /* Resources */,
			);
			buildRules = (
			);
			dependencies = (
				27BF80E02D958BBE00CCBB39 /* PBXTargetDependency */,
			);
			fileSystemSynchronizedGroups = (
				27BF80E12D958BBE00CCBB39 /* Text File ConsoleTests */,
			);
			name = "Text File ConsoleTests";
			packageProductDependencies = (
			);
			productName = "Text File ConsoleTests";
			productReference = 27BF80DE2D958BBE00CCBB39 /* Text File ConsoleTests.xctest */;
			productType = "com.apple.product-type.bundle.unit-test";
		};
		27BF80E72D958BBE00CCBB39 /* Text File ConsoleUITests */ = {
			isa = PBXNativeTarget;
			buildConfigurationList = 27BF80F92D958BBE00CCBB39 /* Build configuration list for PBXNativeTarget "Text File ConsoleUITests" */;
			buildPhases = (
				27BF80E42D958BBE00CCBB39 /* Sources */,
				27BF80E52D958BBE00CCBB39 /* Frameworks */,
				27BF80E62D958BBE00CCBB39 /* Resources */,
			);
			buildRules = (
			);
			dependencies = (
				27BF80EA2D958BBE00CCBB39 /* PBXTargetDependency */,
			);
			fileSystemSynchronizedGroups = (
				27BF80EB2D958BBE00CCBB39 /* Text File ConsoleUITests */,
			);
			name = "Text File ConsoleUITests";
			packageProductDependencies = (
			);
			productName = "Text File ConsoleUITests";
			productReference = 27BF80E82D958BBE00CCBB39 /* Text File ConsoleUITests.xctest */;
			productType = "com.apple.product-type.bundle.ui-testing";
		};
/* End PBXNativeTarget section */

/* Begin PBXProject section */
		27BF80C02D958BB800CCBB39 /* Project object */ = {
			isa = PBXProject;
			attributes = {
				BuildIndependentTargetsInParallel = 1;
				LastSwiftUpdateCheck = 1620;
				LastUpgradeCheck = 1620;
				TargetAttributes = {
					27BF80C72D958BB800CCBB39 = {
						CreatedOnToolsVersion = 16.2;
					};
					27BF80DD2D958BBE00CCBB39 = {
						CreatedOnToolsVersion = 16.2;
						TestTargetID = 27BF80C72D958BB800CCBB39;
					};
					27BF80E72D958BBE00CCBB39 = {
						CreatedOnToolsVersion = 16.2;
						TestTargetID = 27BF80C72D958BB800CCBB39;
					};
				};
			};
			buildConfigurationList = 27BF80C32D958BB800CCBB39 /* Build configuration list for PBXProject "Text File Console" */;
			developmentRegion = en;
			hasScannedForEncodings = 0;
			knownRegions = (
				en,
				Base,
			);
			mainGroup = 27BF80BF2D958BB800CCBB39;
			minimizedProjectReferenceProxies = 1;
			preferredProjectObjectVersion = 77;
			productRefGroup = 27BF80C92D958BB800CCBB39 /* Products */;
			projectDirPath = "";
			projectRoot = "";
			targets = (
				27BF80C72D958BB800CCBB39 /* Text File Console */,
				27BF80DD2D958BBE00CCBB39 /* Text File ConsoleTests */,
				27BF80E72D958BBE00CCBB39 /* Text File ConsoleUITests */,
			);
		};
/* End PBXProject section */

/* Begin PBXResourcesBuildPhase section */
		27BF80C62D958BB800CCBB39 /* Resources */ = {
			isa = PBXResourcesBuildPhase;
			buildActionMask = 2147483647;
			files = (
			);
			runOnlyForDeploymentPostprocessing = 0;
		};
		27BF80DC2D958BBE00CCBB39 /* Resources */ = {
			isa = PBXResourcesBuildPhase;
			buildActionMask = 2147483647;
			files = (
			);
			runOnlyForDeploymentPostprocessing = 0;
		};
		27BF80E62D958BBE00CCBB39 /* Resources */ = {
			isa = PBXResourcesBuildPhase;
			buildActionMask = 2147483647;
			files = (
			);
			runOnlyForDeploymentPostprocessing = 0;
		};
/* End PBXResourcesBuildPhase section */

/* Begin PBXSourcesBuildPhase section */
		27BF80C42D958BB800CCBB39 /* Sources */ = {
			isa = PBXSourcesBuildPhase;
			buildActionMask = 2147483647;
			files = (
			);
			runOnlyForDeploymentPostprocessing = 0;
		};
		27BF80DA2D958BBE00CCBB39 /* Sources */ = {
			isa = PBXSourcesBuildPhase;
			buildActionMask = 2147483647;
			files = (
			);
			runOnlyForDeploymentPostprocessing = 0;
		};
		27BF80E42D958BBE00CCBB39 /* Sources */ = {
			isa = PBXSourcesBuildPhase;
			buildActionMask = 2147483647;
			files = (
			);
			runOnlyForDeploymentPostprocessing = 0;
		};
/* End PBXSourcesBuildPhase section */

/* Begin PBXTargetDependency section */
		27BF80E02D958BBE00CCBB39 /* PBXTargetDependency */ = {
			isa = PBXTargetDependency;
			target = 27BF80C72D958BB800CCBB39 /* Text File Console */;
			targetProxy = 27BF80DF2D958BBE00CCBB39 /* PBXContainerItemProxy */;
		};
		27BF80EA2D958BBE00CCBB39 /* PBXTargetDependency */ = {
			isa = PBXTargetDependency;
			target = 27BF80C72D958BB800CCBB39 /* Text File Console */;
			targetProxy = 27BF80E92D958BBE00CCBB39 /* PBXContainerItemProxy */;
		};
/* End PBXTargetDependency section */

/* Begin XCBuildConfiguration section */
		27BF80F22D958BBE00CCBB39 /* Debug */ = {
			isa = XCBuildConfiguration;
			buildSettings = {
				ASSETCATALOG_COMPILER_APPICON_NAME = AppIcon;
				ASSETCATALOG_COMPILER_GLOBAL_ACCENT_COLOR_NAME = AccentColor;
				CODE_SIGN_STYLE = Automatic;
				CURRENT_PROJECT_VERSION = 1;
				GENERATE_INFOPLIST_FILE = YES;
				INFOPLIST_FILE = "Text File Console/Info.plist";
				INFOPLIST_KEY_UIApplicationSupportsIndirectInputEvents = YES;
				INFOPLIST_KEY_UILaunchStoryboardName = LaunchScreen;
				INFOPLIST_KEY_UIMainStoryboardFile = Main;
				INFOPLIST_KEY_UISupportedInterfaceOrientations_iPad = "UIInterfaceOrientationPortrait UIInterfaceOrientationPortraitUpsideDown UIInterfaceOrientationLandscapeLeft UIInterfaceOrientationLandscapeRight";
				INFOPLIST_KEY_UISupportedInterfaceOrientations_iPhone = "UIInterfaceOrientationPortrait UIInterfaceOrientationLandscapeLeft UIInterfaceOrientationLandscapeRight";
				IPHONEOS_DEPLOYMENT_TARGET = 16.0;
				LD_RUNPATH_SEARCH_PATHS = (
					"$(inherited)",
					"@executable_path/Frameworks",
				);
				MARKETING_VERSION = 1.0;
				PRODUCT_BUNDLE_IDENTIFIER = "com.gabrielanogueira.Text-File-Console";
				PRODUCT_NAME = "$(TARGET_NAME)";
				SWIFT_EMIT_LOC_STRINGS = YES;
				SWIFT_VERSION = 5.0;
				TARGETED_DEVICE_FAMILY = "1,2";
			};
			name = Debug;
		};
		27BF80F32D958BBE00CCBB39 /* Release */ = {
			isa = XCBuildConfiguration;
			buildSettings = {
				ASSETCATALOG_COMPILER_APPICON_NAME = AppIcon;
				ASSETCATALOG_COMPILER_GLOBAL_ACCENT_COLOR_NAME = AccentColor;
				CODE_SIGN_STYLE = Automatic;
				CURRENT_PROJECT_VERSION = 1;
				GENERATE_INFOPLIST_FILE = YES;
				INFOPLIST_FILE = "Text File Console/Info.plist";
				INFOPLIST_KEY_UIApplicationSupportsIndirectInputEvents = YES;
				INFOPLIST_KEY_UILaunchStoryboardName = LaunchScreen;
				INFOPLIST_KEY_UIMainStoryboardFile = Main;
				INFOPLIST_KEY_UISupportedInterfaceOrientations_iPad = "UIInterfaceOrientationPortrait UIInterfaceOrientationPortraitUpsideDown UIInterfaceOrientationLandscapeLeft UIInterfaceOrientationLandscapeRight";
				INFOPLIST_KEY_UISupportedInterfaceOrientations_iPhone = "UIInterfaceOrientationPortrait UIInterfaceOrientationLandscapeLeft UIInterfaceOrientationLandscapeRight";
				IPHONEOS_DEPLOYMENT_TARGET = 16.0;
				LD_RUNPATH_SEARCH_PATHS = (
					"$(inherited)",
					"@executable_path/Frameworks",
				);
				MARKETING_VERSION = 1.0;
				PRODUCT_BUNDLE_IDENTIFIER = "com.gabrielanogueira.Text-File-Console";
				PRODUCT_NAME = "$(TARGET_NAME)";
				SWIFT_EMIT_LOC_STRINGS = YES;
				SWIFT_VERSION = 5.0;
				TARGETED_DEVICE_FAMILY = "1,2";
			};
			name = Release;
		};
		27BF80F42D958BBE00CCBB39 /* Debug */ = {
			isa = XCBuildConfiguration;
			buildSettings = {
				ALWAYS_SEARCH_USER_PATHS = NO;
				ASSETCATALOG_COMPILER_GENERATE_SWIFT_ASSET_SYMBOL_EXTENSIONS = YES;
				CLANG_ANALYZER_NONNULL = YES;
				CLANG_ANALYZER_NUMBER_OBJECT_CONVERSION = YES_AGGRESSIVE;
				CLANG_CXX_LANGUAGE_STANDARD = "gnu++20";
				CLANG_ENABLE_MODULES = YES;
				CLANG_ENABLE_OBJC_ARC = YES;
				CLANG_ENABLE_OBJC_WEAK = YES;
				CLANG_WARN_BLOCK_CAPTURE_AUTORELEASING = YES;
				CLANG_WARN_BOOL_CONVERSION = YES;
				CLANG_WARN_COMMA = YES;
				CLANG_WARN_CONSTANT_CONVERSION = YES;
				CLANG_WARN_DEPRECATED_OBJC_IMPLEMENTATIONS = YES;
				CLANG_WARN_DIRECT_OBJC_ISA_USAGE = YES_ERROR;
				CLANG_WARN_DOCUMENTATION_COMMENTS = YES;
				CLANG_WARN_EMPTY_BODY = YES;
				CLANG_WARN_ENUM_CONVERSION = YES;
				CLANG_WARN_INFINITE_RECURSION = YES;
				CLANG_WARN_INT_CONVERSION = YES;
				CLANG_WARN_NON_LITERAL_NULL_CONVERSION = YES;
				CLANG_WARN_OBJC_IMPLICIT_RETAIN_SELF = YES;
				CLANG_WARN_OBJC_LITERAL_CONVERSION = YES;
				CLANG_WARN_OBJC_ROOT_CLASS = YES_ERROR;
				CLANG_WARN_QUOTED_INCLUDE_IN_FRAMEWORK_HEADER = YES;
				CLANG_WARN_RANGE_LOOP_ANALYSIS = YES;
				CLANG_WARN_STRICT_PROTOTYPES = YES;
				CLANG_WARN_SUSPICIOUS_MOVE = YES;
				CLANG_WARN_UNGUARDED_AVAILABILITY = YES_AGGRESSIVE;
				CLANG_WARN_UNREACHABLE_CODE = YES;
				CLANG_WARN__DUPLICATE_METHOD_MATCH = YES;
				COPY_PHASE_STRIP = NO;
				DEBUG_INFORMATION_FORMAT = dwarf;
				ENABLE_STRICT_OBJC_MSGSEND = YES;
				ENABLE_TESTABILITY = YES;
				ENABLE_USER_SCRIPT_SANDBOXING = YES;
				GCC_C_LANGUAGE_STANDARD = gnu17;
				GCC_DYNAMIC_NO_PIC = NO;
				GCC_NO_COMMON_BLOCKS = YES;
				GCC_OPTIMIZATION_LEVEL = 0;
				GCC_PREPROCESSOR_DEFINITIONS = (
					"DEBUG=1",
					"$(inherited)",
				);
				GCC_WARN_64_TO_32_BIT_CONVERSION = YES;
				GCC_WARN_ABOUT_RETURN_TYPE = YES_ERROR;
				GCC_WARN_UNDECLARED_SELECTOR = YES;
				GCC_WARN_UNINITIALIZED_AUTOS = YES_AGGRESSIVE;
				GCC_WARN_UNUSED_FUNCTION = YES;
				GCC_WARN_UNUSED_VARIABLE = YES;
				IPHONEOS_DEPLOYMENT_TARGET = 18.2;
				LOCALIZATION_PREFERS_STRING_CATALOGS = YES;
				MTL_ENABLE_DEBUG_INFO = INCLUDE_SOURCE;
				MTL_FAST_MATH = YES;
				ONLY_ACTIVE_ARCH = YES;
				SDKROOT = iphoneos;
				SWIFT_ACTIVE_COMPILATION_CONDITIONS = "DEBUG $(inherited)";
				SWIFT_OPTIMIZATION_LEVEL = "-Onone";
			};
			name = Debug;
		};
		27BF80F52D958BBE00CCBB39 /* Release */ = {
			isa = XCBuildConfiguration;
			buildSettings = {
				ALWAYS_SEARCH_USER_PATHS = NO;
				ASSETCATALOG_COMPILER_GENERATE_SWIFT_ASSET_SYMBOL_EXTENSIONS = YES;
				CLANG_ANALYZER_NONNULL = YES;
				CLANG_ANALYZER_NUMBER_OBJECT_CONVERSION = YES_AGGRESSIVE;
				CLANG_CXX_LANGUAGE_STANDARD = "gnu++20";
				CLANG_ENABLE_MODULES = YES;
				CLANG_ENABLE_OBJC_ARC = YES;
				CLANG_ENABLE_OBJC_WEAK = YES;
				CLANG_WARN_BLOCK_CAPTURE_AUTORELEASING = YES;
				CLANG_WARN_BOOL_CONVERSION = YES;
				CLANG_WARN_COMMA = YES;
				CLANG_WARN_CONSTANT_CONVERSION = YES;
				CLANG_WARN_DEPRECATED_OBJC_IMPLEMENTATIONS = YES;
				CLANG_WARN_DIRECT_OBJC_ISA_USAGE = YES_ERROR;
				CLANG_WARN_DOCUMENTATION_COMMENTS = YES;
				CLANG_WARN_EMPTY_BODY = YES;
				CLANG_WARN_ENUM_CONVERSION = YES;
				CLANG_WARN_INFINITE_RECURSION = YES;
				CLANG_WARN_INT_CONVERSION = YES;
				CLANG_WARN_NON_LITERAL_NULL_CONVERSION = YES;
				CLANG_WARN_OBJC_IMPLICIT_RETAIN_SELF = YES;
				CLANG_WARN_OBJC_LITERAL_CONVERSION = YES;
				CLANG_WARN_OBJC_ROOT_CLASS = YES_ERROR;
				CLANG_WARN_QUOTED_INCLUDE_IN_FRAMEWORK_HEADER = YES;
				CLANG_WARN_RANGE_LOOP_ANALYSIS = YES;
				CLANG_WARN_STRICT_PROTOTYPES = YES;
				CLANG_WARN_SUSPICIOUS_MOVE = YES;
				CLANG_WARN_UNGUARDED_AVAILABILITY = YES_AGGRESSIVE;
				CLANG_WARN_UNREACHABLE_CODE = YES;
				CLANG_WARN__DUPLICATE_METHOD_MATCH = YES;
				COPY_PHASE_STRIP = NO;
				DEBUG_INFORMATION_FORMAT = "dwarf-with-dsym";
				ENABLE_NS_ASSERTIONS = NO;
				ENABLE_STRICT_OBJC_MSGSEND = YES;
				ENABLE_USER_SCRIPT_SANDBOXING = YES;
				GCC_C_LANGUAGE_STANDARD = gnu17;
				GCC_NO_COMMON_BLOCKS = YES;
				GCC_WARN_64_TO_32_BIT_CONVERSION = YES;
				GCC_WARN_ABOUT_RETURN_TYPE = YES_ERROR;
				GCC_WARN_UNDECLARED_SELECTOR = YES;
				GCC_WARN_UNINITIALIZED_AUTOS = YES_AGGRESSIVE;
				GCC_WARN_UNUSED_FUNCTION = YES;
				GCC_WARN_UNUSED_VARIABLE = YES;
				IPHONEOS_DEPLOYMENT_TARGET = 18.2;
				LOCALIZATION_PREFERS_STRING_CATALOGS = YES;
				MTL_ENABLE_DEBUG_INFO = NO;
				MTL_FAST_MATH = YES;
				SDKROOT = iphoneos;
				SWIFT_COMPILATION_MODE = wholemodule;
				VALIDATE_PRODUCT = YES;
			};
			name = Release;
		};
		27BF80F72D958BBE00CCBB39 /* Debug */ = {
			isa = XCBuildConfiguration;
			buildSettings = {
				BUNDLE_LOADER = "$(TEST_HOST)";
				CODE_SIGN_STYLE = Automatic;
				CURRENT_PROJECT_VERSION = 1;
				GENERATE_INFOPLIST_FILE = YES;
				IPHONEOS_DEPLOYMENT_TARGET = 18.2;
				MARKETING_VERSION = 1.0;
				PRODUCT_BUNDLE_IDENTIFIER = "com.gabrielanogueira.Text-File-ConsoleTests";
				PRODUCT_NAME = "$(TARGET_NAME)";
				SWIFT_EMIT_LOC_STRINGS = NO;
				SWIFT_VERSION = 5.0;
				TARGETED_DEVICE_FAMILY = "1,2";
				TEST_HOST = "$(BUILT_PRODUCTS_DIR)/Text File Console.app/$(BUNDLE_EXECUTABLE_FOLDER_PATH)/Text File Console";
			};
			name = Debug;
		};
		27BF80F82D958BBE00CCBB39 /* Release */ = {
			isa = XCBuildConfiguration;
			buildSettings = {
				BUNDLE_LOADER = "$(TEST_HOST)";
				CODE_SIGN_STYLE = Automatic;
				CURRENT_PROJECT_VERSION = 1;
				GENERATE_INFOPLIST_FILE = YES;
				IPHONEOS_DEPLOYMENT_TARGET = 18.2;
				MARKETING_VERSION = 1.0;
				PRODUCT_BUNDLE_IDENTIFIER = "com.gabrielanogueira.Text-File-ConsoleTests";
				PRODUCT_NAME = "$(TARGET_NAME)";
				SWIFT_EMIT_LOC_STRINGS = NO;
				SWIFT_VERSION = 5.0;
				TARGETED_DEVICE_FAMILY = "1,2";
				TEST_HOST = "$(BUILT_PRODUCTS_DIR)/Text File Console.app/$(BUNDLE_EXECUTABLE_FOLDER_PATH)/Text File Console";
			};
			name = Release;
		};
		27BF80FA2D958BBE00CCBB39 /* Debug */ = {
			isa = XCBuildConfiguration;
			buildSettings = {
				CODE_SIGN_STYLE = Automatic;
				CURRENT_PROJECT_VERSION = 1;
				GENERATE_INFOPLIST_FILE = YES;
				MARKETING_VERSION = 1.0;
				PRODUCT_BUNDLE_IDENTIFIER = "com.gabrielanogueira.Text-File-ConsoleUITests";
				PRODUCT_NAME = "$(TARGET_NAME)";
				SWIFT_EMIT_LOC_STRINGS = NO;
				SWIFT_VERSION = 5.0;
				TARGETED_DEVICE_FAMILY = "1,2";
				TEST_TARGET_NAME = "Text File Console";
			};
			name = Debug;
		};
		27BF80FB2D958BBE00CCBB39 /* Release */ = {
			isa = XCBuildConfiguration;
			buildSettings = {
				CODE_SIGN_STYLE = Automatic;
				CURRENT_PROJECT_VERSION = 1;
				GENERATE_INFOPLIST_FILE = YES;
				MARKETING_VERSION = 1.0;
				PRODUCT_BUNDLE_IDENTIFIER = "com.gabrielanogueira.Text-File-ConsoleUITests";
				PRODUCT_NAME = "$(TARGET_NAME)";
				SWIFT_EMIT_LOC_STRINGS = NO;
				SWIFT_VERSION = 5.0;
				TARGETED_DEVICE_FAMILY = "1,2";
				TEST_TARGET_NAME = "Text File Console";
			};
			name = Release;
		};
/* End XCBuildConfiguration section */

/* Begin XCConfigurationList section */
		27BF80C32D958BB800CCBB39 /* Build configuration list for PBXProject "Text File Console" */ = {
			isa = XCConfigurationList;
			buildConfigurations = (
				27BF80F42D958BBE00CCBB39 /* Debug */,
				27BF80F52D958BBE00CCBB39 /* Release */,
			);
			defaultConfigurationIsVisible = 0;
			defaultConfigurationName = Release;
		};
		27BF80F12D958BBE00CCBB39 /* Build configuration list for PBXNativeTarget "Text File Console" */ = {
			isa = XCConfigurationList;
			buildConfigurations = (
				27BF80F22D958BBE00CCBB39 /* Debug */,
				27BF80F32D958BBE00CCBB39 /* Release */,
			);
			defaultConfigurationIsVisible = 0;
			defaultConfigurationName = Release;
		};
		27BF80F62D958BBE00CCBB39 /* Build configuration list for PBXNativeTarget "Text File ConsoleTests" */ = {
			isa = XCConfigurationList;
			buildConfigurations = (
				27BF80F72D958BBE00CCBB39 /* Debug */,
				27BF80F82D958BBE00CCBB39 /* Release */,
			);
			defaultConfigurationIsVisible = 0;
			defaultConfigurationName = Release;
		};
		27BF80F92D958BBE00CCBB39 /* Build configuration list for PBXNativeTarget "Text File ConsoleUITests" */ = {
			isa = XCConfigurationList;
			buildConfigurations = (
				27BF80FA2D958BBE00CCBB39 /* Debug */,
				27BF80FB2D958BBE00CCBB39 /* Release */,
			);
			defaultConfigurationIsVisible = 0;
			defaultConfigurationName = Release;
		};
/* End XCConfigurationList section */
	};
	rootObject = 27BF80C02D958BB800CCBB39 /* Project object */;
}
